<?xml version="1.0" encoding="utf-8"?>
<Project ToolsVersion="4.0" xmlns="http://schemas.microsoft.com/developer/msbuild/2003">
  <ItemGroup>
    <Filter Include="Source Files">
      <UniqueIdentifier>{4FC737F1-C7A5-4376-A066-2A32D752A2FF}</UniqueIdentifier>
      <Extensions>cpp;c;cc;cxx;def;odl;idl;hpj;bat;asm;asmx</Extensions>
    </Filter>
    <Filter Include="Header Files">
      <UniqueIdentifier>{93995380-89BD-4b04-88EB-625FBE52EBFB}</UniqueIdentifier>
      <Extensions>h;hh;hpp;hxx;hm;inl;inc;xsd</Extensions>
    </Filter>
    <Filter Include="Resource Files">
      <UniqueIdentifier>{67DA6AB6-F800-4c08-8B7A-83BB121AAD01}</UniqueIdentifier>
      <Extensions>rc;ico;cur;bmp;dlg;rc2;rct;bin;rgs;gif;jpg;jpeg;jpe;resx;tiff;tif;png;wav;mfcribbon-ms</Extensions>
    </Filter>
  </ItemGroup>
  <ItemGroup>
    <ClInclude Include="main.h">
      <Filter>Header Files</Filter>
    </ClInclude>
    <ClInclude Include="init.h">
      <Filter>Header Files</Filter>
    </ClInclude>
    <ClInclude Include="gui.h">
      <Filter>Header Files</Filter>
    </ClInclude>
  </ItemGroup>
  <ItemGroup>
    <ClCompile Include="init.cpp">
      <Filter>Source Files</Filter>
    </ClCompile>
    <ClCompile Include="main.cpp">
      <Filter>Source Files</Filter>
    </ClCompile>
    <ClCompile Include="gui.cpp">
      <Filter>Source Files</Filter>
    </ClCompile>
  </ItemGroup>
  <ItemGroup>
    <Image Include="res\yellow-js-logo-wide.png">
      <Filter>Resource Files</Filter>
    </Image>
    <Image Include="res\blue-js-logo.ico">
      <Filter>Resource Files</Filter>
    </Image>
    <Image Include="res\green-js-logo.png">
      <Filter>Resource Files</Filter>
    </Image>
    <Image Include="res\left-square-bracket.png">
      <Filter>Resource Files</Filter>
    </Image>
    <Image Include="res\right-square-bracket.png">
      <Filter>Resource Files</Filter>
    </Image>
    <Image Include="res\square-brackets-1.ico">
      <Filter>Resource Files</Filter>
    </Image>
    <Image Include="res\square-brackets-1.jpg">
      <Filter>Resource Files</Filter>
    </Image>
    <Image Include="res\square-brackets-2.jpg">
      <Filter>Resource Files</Filter>
    </Image>
    <Image Include="res\yellow-js-logo.ico">
      <Filter>Resource Files</Filter>
    </Image>
    <Image Include="res\yellow-js-logo.png">
      <Filter>Resource Files</Filter>
    </Image>
    <Image Include="res\yellow-js-logo-banner.jpg">
      <Filter>Resource Files</Filter>
    </Image>
    <Image Include="res\yellow-js-logo-icon.png">
      <Filter>Resource Files</Filter>
    </Image>
    <Image Include="res\Add Green Button.ico">
      <Filter>Resource Files</Filter>
    </Image>
    <Image Include="res\blogger.png">
      <Filter>Resource Files</Filter>
    </Image>
    <Image Include="res\facebook.png">
      <Filter>Resource Files</Filter>
    </Image>
    <Image Include="res\google-plus.png">
      <Filter>Resource Files</Filter>
    </Image>
    <Image Include="res\linkedin.png">
      <Filter>Resource Files</Filter>
    </Image>
    <Image Include="res\twitter.png">
      <Filter>Resource Files</Filter>
    </Image>
    <Image Include="res\instagram.png">
      <Filter>Resource Files</Filter>
    </Image>
    <Image Include="res\youtube.png">
      <Filter>Resource Files</Filter>
    </Image>
    <Image Include="res\400dpiLogo.jpg">
      <Filter>Resource Files</Filter>
    </Image>
    <Image Include="res\400dpiLogo.png">
      <Filter>Resource Files</Filter>
    </Image>
    <Image Include="res\400dpiLogoCropped (2).jpg">
      <Filter>Resource Files</Filter>
    </Image>
    <Image Include="res\400dpiLogoCropped (2).png">
      <Filter>Resource Files</Filter>
    </Image>
    <Image Include="res\400dpiLogoCropped.jpg">
      <Filter>Resource Files</Filter>
    </Image>
    <Image Include="res\400dpiLogoCropped.png">
      <Filter>Resource Files</Filter>
    </Image>
    <Image Include="res\SmallLogo.jpg">
      <Filter>Resource Files</Filter>
    </Image>
    <Image Include="res\SmallLogo.png">
      <Filter>Resource Files</Filter>
    </Image>
  </ItemGroup>
  <ItemGroup>
    <EmbeddedResource Include="gui.resx">
      <Filter>Resource Files</Filter>
    </EmbeddedResource>
  </ItemGroup>
  <ItemGroup>
    <Text Include="development_docs\ideas.txt" />
    <Text Include="development_docs\todo.txt" />
  </ItemGroup>
</Project>